{
    "name": "Alex_Merced",
    "version": "1.0.0",
    "lockfileVersion": 1,
    "requires": true,
    "dependencies": {
        "@alexmerced/simple_components": {
            "version": "1.0.1",
            "resolved": "https://registry.npmjs.org/@alexmerced/simple_components/-/simple_components-1.0.1.tgz",
            "integrity": "sha512-lbMmhSxsFILVTPeKKSj6HdBOSTkDEKMe4f16Yu9uzmwzAjgehiIO+IKYjHY925i4eTqTfTRv/qsYq/P3z1+l3Q=="
        }
    }
}
